// !$*UTF8*$!
{
	archiveVersion = 1;
	classes = {
	};
	objectVersion = 50;
	objects = {

/* Begin PBXBuildFile section */
		6726230F2115539200E869C5 /* AppDelegate.swift in Sources */ = {isa = PBXBuildFile; fileRef = 6726230E2115539200E869C5 /* AppDelegate.swift */; };
		672623112115539200E869C5 /* ViewController.swift in Sources */ = {isa = PBXBuildFile; fileRef = 672623102115539200E869C5 /* ViewController.swift */; };
		672623142115539200E869C5 /* Main.storyboard in Resources */ = {isa = PBXBuildFile; fileRef = 672623122115539200E869C5 /* Main.storyboard */; };
		672623162115539900E869C5 /* Assets.xcassets in Resources */ = {isa = PBXBuildFile; fileRef = 672623152115539900E869C5 /* Assets.xcassets */; };
		672623192115539900E869C5 /* LaunchScreen.storyboard in Resources */ = {isa = PBXBuildFile; fileRef = 672623172115539900E869C5 /* LaunchScreen.storyboard */; };
		672623242115539A00E869C5 /* tabTests.swift in Sources */ = {isa = PBXBuildFile; fileRef = 672623232115539A00E869C5 /* tabTests.swift */; };
		6726232F2115539A00E869C5 /* tabUITests.swift in Sources */ = {isa = PBXBuildFile; fileRef = 6726232E2115539A00E869C5 /* tabUITests.swift */; };
		6726233F211555FA00E869C5 /* image3.png in Resources */ = {isa = PBXBuildFile; fileRef = 6726233C211555FA00E869C5 /* image3.png */; };
		67262340211555FA00E869C5 /* image1.png in Resources */ = {isa = PBXBuildFile; fileRef = 6726233D211555FA00E869C5 /* image1.png */; };
		67262341211555FA00E869C5 /* image2.png in Resources */ = {isa = PBXBuildFile; fileRef = 6726233E211555FA00E869C5 /* image2.png */; };
/* End PBXBuildFile section */

/* Begin PBXContainerItemProxy section */
		672623202115539A00E869C5 /* PBXContainerItemProxy */ = {
			isa = PBXContainerItemProxy;
			containerPortal = 672623032115539200E869C5 /* Project object */;
			proxyType = 1;
			remoteGlobalIDString = 6726230A2115539200E869C5;
			remoteInfo = tab;
		};
		6726232B2115539A00E869C5 /* PBXContainerItemProxy */ = {
			isa = PBXContainerItemProxy;
			containerPortal = 672623032115539200E869C5 /* Project object */;
			proxyType = 1;
			remoteGlobalIDString = 6726230A2115539200E869C5;
			remoteInfo = tab;
		};
/* End PBXContainerItemProxy section */

/* Begin PBXFileReference section */
		6726230B2115539200E869C5 /* tab.app */ = {isa = PBXFileReference; explicitFileType = wrapper.application; includeInIndex = 0; path = tab.app; sourceTree = BUILT_PRODUCTS_DIR; };
		6726230E2115539200E869C5 /* AppDelegate.swift */ = {isa = PBXFileReference; lastKnownFileType = sourcecode.swift; path = AppDelegate.swift; sourceTree = "<group>"; };
		672623102115539200E869C5 /* ViewController.swift */ = {isa = PBXFileReference; lastKnownFileType = sourcecode.swift; path = ViewController.swift; sourceTree = "<group>"; };
		672623132115539200E869C5 /* Base */ = {isa = PBXFileReference; lastKnownFileType = file.storyboard; name = Base; path = Base.lproj/Main.storyboard; sourceTree = "<group>"; };
		672623152115539900E869C5 /* Assets.xcassets */ = {isa = PBXFileReference; lastKnownFileType = folder.assetcatalog; path = Assets.xcassets; sourceTree = "<group>"; };
		672623182115539900E869C5 /* Base */ = {isa = PBXFileReference; lastKnownFileType = file.storyboard; name = Base; path = Base.lproj/LaunchScreen.storyboard; sourceTree = "<group>"; };
		6726231A2115539900E869C5 /* Info.plist */ = {isa = PBXFileReference; lastKnownFileType = text.plist.xml; path = Info.plist; sourceTree = "<group>"; };
		6726231F2115539A00E869C5 /* tabTests.xctest */ = {isa = PBXFileReference; explicitFileType = wrapper.cfbundle; includeInIndex = 0; path = tabTests.xctest; sourceTree = BUILT_PRODUCTS_DIR; };
		672623232115539A00E869C5 /* tabTests.swift */ = {isa = PBXFileReference; lastKnownFileType = sourcecode.swift; path = tabTests.swift; sourceTree = "<group>"; };
		672623252115539A00E869C5 /* Info.plist */ = {isa = PBXFileReference; lastKnownFileType = text.plist.xml; path = Info.plist; sourceTree = "<group>"; };
		6726232A2115539A00E869C5 /* tabUITests.xctest */ = {isa = PBXFileReference; explicitFileType = wrapper.cfbundle; includeInIndex = 0; path = tabUITests.xctest; sourceTree = BUILT_PRODUCTS_DIR; };
		6726232E2115539A00E869C5 /* tabUITests.swift */ = {isa = PBXFileReference; lastKnownFileType = sourcecode.swift; path = tabUITests.swift; sourceTree = "<group>"; };
		672623302115539A00E869C5 /* Info.plist */ = {isa = PBXFileReference; lastKnownFileType = text.plist.xml; path = Info.plist; sourceTree = "<group>"; };
		6726233C211555FA00E869C5 /* image3.png */ = {isa = PBXFileReference; lastKnownFileType = image.png; path = image3.png; sourceTree = "<group>"; };
		6726233D211555FA00E869C5 /* image1.png */ = {isa = PBXFileReference; lastKnownFileType = image.png; path = image1.png; sourceTree = "<group>"; };
		6726233E211555FA00E869C5 /* image2.png */ = {isa = PBXFileReference; lastKnownFileType = image.png; path = image2.png; sourceTree = "<group>"; };
/* End PBXFileReference section */

/* Begin PBXFrameworksBuildPhase section */
		672623082115539200E869C5 /* Frameworks */ = {
			isa = PBXFrameworksBuildPhase;
			buildActionMask = 2147483647;
			files = (
			);
			runOnlyForDeploymentPostprocessing = 0;
		};
		6726231C2115539A00E869C5 /* Frameworks */ = {
			isa = PBXFrameworksBuildPhase;
			buildActionMask = 2147483647;
			files = (
			);
			runOnlyForDeploymentPostprocessing = 0;
		};
		672623272115539A00E869C5 /* Frameworks */ = {
			isa = PBXFrameworksBuildPhase;
			buildActionMask = 2147483647;
			files = (
			);
			runOnlyForDeploymentPostprocessing = 0;
		};
/* End PBXFrameworksBuildPhase section */

/* Begin PBXGroup section */
		672623022115539200E869C5 = {
			isa = PBXGroup;
			children = (
				6726230D2115539200E869C5 /* tab */,
				672623222115539A00E869C5 /* tabTests */,
				6726232D2115539A00E869C5 /* tabUITests */,
				6726230C2115539200E869C5 /* Products */,
			);
			sourceTree = "<group>";
		};
		6726230C2115539200E869C5 /* Products */ = {
			isa = PBXGroup;
			children = (
				6726230B2115539200E869C5 /* tab.app */,
				6726231F2115539A00E869C5 /* tabTests.xctest */,
				6726232A2115539A00E869C5 /* tabUITests.xctest */,
			);
			name = Products;
			sourceTree = "<group>";
		};
		6726230D2115539200E869C5 /* tab */ = {
			isa = PBXGroup;
			children = (
				6726233D211555FA00E869C5 /* image1.png */,
				6726233E211555FA00E869C5 /* image2.png */,
				6726233C211555FA00E869C5 /* image3.png */,
				6726230E2115539200E869C5 /* AppDelegate.swift */,
				672623102115539200E869C5 /* ViewController.swift */,
				672623122115539200E869C5 /* Main.storyboard */,
				672623152115539900E869C5 /* Assets.xcassets */,
				672623172115539900E869C5 /* LaunchScreen.storyboard */,
				6726231A2115539900E869C5 /* Info.plist */,
			);
			path = tab;
			sourceTree = "<group>";
		};
		672623222115539A00E869C5 /* tabTests */ = {
			isa = PBXGroup;
			children = (
				672623232115539A00E869C5 /* tabTests.swift */,
				672623252115539A00E869C5 /* Info.plist */,
			);
			path = tabTests;
			sourceTree = "<group>";
		};
		6726232D2115539A00E869C5 /* tabUITests */ = {
			isa = PBXGroup;
			children = (
				6726232E2115539A00E869C5 /* tabUITests.swift */,
				672623302115539A00E869C5 /* Info.plist */,
			);
			path = tabUITests;
			sourceTree = "<group>";
		};
/* End PBXGroup section */

/* Begin PBXNativeTarget section */
		6726230A2115539200E869C5 /* tab */ = {
			isa = PBXNativeTarget;
			buildConfigurationList = 672623332115539A00E869C5 /* Build configuration list for PBXNativeTarget "tab" */;
			buildPhases = (
				672623072115539200E869C5 /* Sources */,
				672623082115539200E869C5 /* Frameworks */,
				672623092115539200E869C5 /* Resources */,
			);
			buildRules = (
			);
			dependencies = (
			);
			name = tab;
			productName = tab;
			productReference = 6726230B2115539200E869C5 /* tab.app */;
			productType = "com.apple.product-type.application";
		};
		6726231E2115539A00E869C5 /* tabTests */ = {
			isa = PBXNativeTarget;
			buildConfigurationList = 672623362115539A00E869C5 /* Build configuration list for PBXNativeTarget "tabTests" */;
			buildPhases = (
				6726231B2115539A00E869C5 /* Sources */,
				6726231C2115539A00E869C5 /* Frameworks */,
				6726231D2115539A00E869C5 /* Resources */,
			);
			buildRules = (
			);
			dependencies = (
				672623212115539A00E869C5 /* PBXTargetDependency */,
			);
			name = tabTests;
			productName = tabTests;
			productReference = 6726231F2115539A00E869C5 /* tabTests.xctest */;
			productType = "com.apple.product-type.bundle.unit-test";
		};
		672623292115539A00E869C5 /* tabUITests */ = {
			isa = PBXNativeTarget;
			buildConfigurationList = 672623392115539A00E869C5 /* Build configuration list for PBXNativeTarget "tabUITests" */;
			buildPhases = (
				672623262115539A00E869C5 /* Sources */,
				672623272115539A00E869C5 /* Frameworks */,
				672623282115539A00E869C5 /* Resources */,
			);
			buildRules = (
			);
			dependencies = (
				6726232C2115539A00E869C5 /* PBXTargetDependency */,
			);
			name = tabUITests;
			productName = tabUITests;
			productReference = 6726232A2115539A00E869C5 /* tabUITests.xctest */;
			productType = "com.apple.product-type.bundle.ui-testing";
		};
/* End PBXNativeTarget section */

/* Begin PBXProject section */
		672623032115539200E869C5 /* Project object */ = {
			isa = PBXProject;
			attributes = {
				LastSwiftUpdateCheck = 0940;
				LastUpgradeCheck = 0940;
				ORGANIZATIONNAME = moonbc;
				TargetAttributes = {
					6726230A2115539200E869C5 = {
						CreatedOnToolsVersion = 9.4.1;
					};
					6726231E2115539A00E869C5 = {
						CreatedOnToolsVersion = 9.4.1;
						TestTargetID = 6726230A2115539200E869C5;
					};
					672623292115539A00E869C5 = {
						CreatedOnToolsVersion = 9.4.1;
						TestTargetID = 6726230A2115539200E869C5;
					};
				};
			};
			buildConfigurationList = 672623062115539200E869C5 /* Build configuration list for PBXProject "tab" */;
			compatibilityVersion = "Xcode 9.3";
			developmentRegion = en;
			hasScannedForEncodings = 0;
			knownRegions = (
				en,
				Base,
			);
			mainGroup = 672623022115539200E869C5;
			productRefGroup = 6726230C2115539200E869C5 /* Products */;
			projectDirPath = "";
			projectRoot = "";
			targets = (
				6726230A2115539200E869C5 /* tab */,
				6726231E2115539A00E869C5 /* tabTests */,
				672623292115539A00E869C5 /* tabUITests */,
			);
		};
/* End PBXProject section */

/* Begin PBXResourcesBuildPhase section */
		672623092115539200E869C5 /* Resources */ = {
			isa = PBXResourcesBuildPhase;
			buildActionMask = 2147483647;
			files = (
				672623192115539900E869C5 /* LaunchScreen.storyboard in Resources */,
				67262340211555FA00E869C5 /* image1.png in Resources */,
				67262341211555FA00E869C5 /* image2.png in Resources */,
				672623162115539900E869C5 /* Assets.xcassets in Resources */,
				672623142115539200E869C5 /* Main.storyboard in Resources */,
				6726233F211555FA00E869C5 /* image3.png in Resources */,
			);
			runOnlyForDeploymentPostprocessing = 0;
		};
		6726231D2115539A00E869C5 /* Resources */ = {
			isa = PBXResourcesBuildPhase;
			buildActionMask = 2147483647;
			files = (
			);
			runOnlyForDeploymentPostprocessing = 0;
		};
		672623282115539A00E869C5 /* Resources */ = {
			isa = PBXResourcesBuildPhase;
			buildActionMask = 2147483647;
			files = (
			);
			runOnlyForDeploymentPostprocessing = 0;
		};
/* End PBXResourcesBuildPhase section */

/* Begin PBXSourcesBuildPhase section */
		672623072115539200E869C5 /* Sources */ = {
			isa = PBXSourcesBuildPhase;
			buildActionMask = 2147483647;
			files = (
				672623112115539200E869C5 /* ViewController.swift in Sources */,
				6726230F2115539200E869C5 /* AppDelegate.swift in Sources */,
			);
			runOnlyForDeploymentPostprocessing = 0;
		};
		6726231B2115539A00E869C5 /* Sources */ = {
			isa = PBXSourcesBuildPhase;
			buildActionMask = 2147483647;
			files = (
				672623242115539A00E869C5 /* tabTests.swift in Sources */,
			);
			runOnlyForDeploymentPostprocessing = 0;
		};
		672623262115539A00E869C5 /* Sources */ = {
			isa = PBXSourcesBuildPhase;
			buildActionMask = 2147483647;
			files = (
				6726232F2115539A00E869C5 /* tabUITests.swift in Sources */,
			);
			runOnlyForDeploymentPostprocessing = 0;
		};
/* End PBXSourcesBuildPhase section */

/* Begin PBXTargetDependency section */
		672623212115539A00E869C5 /* PBXTargetDependency */ = {
			isa = PBXTargetDependency;
			target = 6726230A2115539200E869C5 /* tab */;
			targetProxy = 672623202115539A00E869C5 /* PBXContainerItemProxy */;
		};
		6726232C2115539A00E869C5 /* PBXTargetDependency */ = {
			isa = PBXTargetDependency;
			target = 6726230A2115539200E869C5 /* tab */;
			targetProxy = 6726232B2115539A00E869C5 /* PBXContainerItemProxy */;
		};
/* End PBXTargetDependency section */

/* Begin PBXVariantGroup section */
		672623122115539200E869C5 /* Main.storyboard */ = {
			isa = PBXVariantGroup;
			children = (
				672623132115539200E869C5 /* Base */,
			);
			name = Main.storyboard;
			sourceTree = "<group>";
		};
		672623172115539900E869C5 /* LaunchScreen.storyboard */ = {
			isa = PBXVariantGroup;
			children = (
				672623182115539900E869C5 /* Base */,
			);
			name = LaunchScreen.storyboard;
			sourceTree = "<group>";
		};
/* End PBXVariantGroup section */

/* Begin XCBuildConfiguration section */
		672623312115539A00E869C5 /* Debug */ = {
			isa = XCBuildConfiguration;
			buildSettings = {
				ALWAYS_SEARCH_USER_PATHS = NO;
				CLANG_ANALYZER_NONNULL = YES;
				CLANG_ANALYZER_NUMBER_OBJECT_CONVERSION = YES_AGGRESSIVE;
				CLANG_CXX_LANGUAGE_STANDARD = "gnu++14";
				CLANG_CXX_LIBRARY = "libc++";
				CLANG_ENABLE_MODULES = YES;
				CLANG_ENABLE_OBJC_ARC = YES;
				CLANG_ENABLE_OBJC_WEAK = YES;
				CLANG_WARN_BLOCK_CAPTURE_AUTORELEASING = YES;
				CLANG_WARN_BOOL_CONVERSION = YES;
				CLANG_WARN_COMMA = YES;
				CLANG_WARN_CONSTANT_CONVERSION = YES;
				CLANG_WARN_DEPRECATED_OBJC_IMPLEMENTATIONS = YES;
				CLANG_WARN_DIRECT_OBJC_ISA_USAGE = YES_ERROR;
				CLANG_WARN_DOCUMENTATION_COMMENTS = YES;
				CLANG_WARN_EMPTY_BODY = YES;
				CLANG_WARN_ENUM_CONVERSION = YES;
				CLANG_WARN_INFINITE_RECURSION = YES;
				CLANG_WARN_INT_CONVERSION = YES;
				CLANG_WARN_NON_LITERAL_NULL_CONVERSION = YES;
				CLANG_WARN_OBJC_IMPLICIT_RETAIN_SELF = YES;
				CLANG_WARN_OBJC_LITERAL_CONVERSION = YES;
				CLANG_WARN_OBJC_ROOT_CLASS = YES_ERROR;
				CLANG_WARN_RANGE_LOOP_ANALYSIS = YES;
				CLANG_WARN_STRICT_PROTOTYPES = YES;
				CLANG_WARN_SUSPICIOUS_MOVE = YES;
				CLANG_WARN_UNGUARDED_AVAILABILITY = YES_AGGRESSIVE;
				CLANG_WARN_UNREACHABLE_CODE = YES;
				CLANG_WARN__DUPLICATE_METHOD_MATCH = YES;
				CODE_SIGN_IDENTITY = "iPhone Developer";
				COPY_PHASE_STRIP = NO;
				DEBUG_INFORMATION_FORMAT = dwarf;
				ENABLE_STRICT_OBJC_MSGSEND = YES;
				ENABLE_TESTABILITY = YES;
				GCC_C_LANGUAGE_STANDARD = gnu11;
				GCC_DYNAMIC_NO_PIC = NO;
				GCC_NO_COMMON_BLOCKS = YES;
				GCC_OPTIMIZATION_LEVEL = 0;
				GCC_PREPROCESSOR_DEFINITIONS = (
					"DEBUG=1",
					"$(inherited)",
				);
				GCC_WARN_64_TO_32_BIT_CONVERSION = YES;
				GCC_WARN_ABOUT_RETURN_TYPE = YES_ERROR;
				GCC_WARN_UNDECLARED_SELECTOR = YES;
				GCC_WARN_UNINITIALIZED_AUTOS = YES_AGGRESSIVE;
				GCC_WARN_UNUSED_FUNCTION = YES;
				GCC_WARN_UNUSED_VARIABLE = YES;
				IPHONEOS_DEPLOYMENT_TARGET = 11.4;
				MTL_ENABLE_DEBUG_INFO = YES;
				ONLY_ACTIVE_ARCH = YES;
				SDKROOT = iphoneos;
				SWIFT_ACTIVE_COMPILATION_CONDITIONS = DEBUG;
				SWIFT_OPTIMIZATION_LEVEL = "-Onone";
			};
			name = Debug;
		};
		672623322115539A00E869C5 /* Release */ = {
			isa = XCBuildConfiguration;
			buildSettings = {
				ALWAYS_SEARCH_USER_PATHS = NO;
				CLANG_ANALYZER_NONNULL = YES;
				CLANG_ANALYZER_NUMBER_OBJECT_CONVERSION = YES_AGGRESSIVE;
				CLANG_CXX_LANGUAGE_STANDARD = "gnu++14";
				CLANG_CXX_LIBRARY = "libc++";
				CLANG_ENABLE_MODULES = YES;
				CLANG_ENABLE_OBJC_ARC = YES;
				CLANG_ENABLE_OBJC_WEAK = YES;
				CLANG_WARN_BLOCK_CAPTURE_AUTORELEASING = YES;
				CLANG_WARN_BOOL_CONVERSION = YES;
				CLANG_WARN_COMMA = YES;
				CLANG_WARN_CONSTANT_CONVERSION = YES;
				CLANG_WARN_DEPRECATED_OBJC_IMPLEMENTATIONS = YES;
				CLANG_WARN_DIRECT_OBJC_ISA_USAGE = YES_ERROR;
				CLANG_WARN_DOCUMENTATION_COMMENTS = YES;
				CLANG_WARN_EMPTY_BODY = YES;
				CLANG_WARN_ENUM_CONVERSION = YES;
				CLANG_WARN_INFINITE_RECURSION = YES;
				CLANG_WARN_INT_CONVERSION = YES;
				CLANG_WARN_NON_LITERAL_NULL_CONVERSION = YES;
				CLANG_WARN_OBJC_IMPLICIT_RETAIN_SELF = YES;
				CLANG_WARN_OBJC_LITERAL_CONVERSION = YES;
				CLANG_WARN_OBJC_ROOT_CLASS = YES_ERROR;
				CLANG_WARN_RANGE_LOOP_ANALYSIS = YES;
				CLANG_WARN_STRICT_PROTOTYPES = YES;
				CLANG_WARN_SUSPICIOUS_MOVE = YES;
				CLANG_WARN_UNGUARDED_AVAILABILITY = YES_AGGRESSIVE;
				CLANG_WARN_UNREACHABLE_CODE = YES;
				CLANG_WARN__DUPLICATE_METHOD_MATCH = YES;
				CODE_SIGN_IDENTITY = "iPhone Developer";
				COPY_PHASE_STRIP = NO;
				DEBUG_INFORMATION_FORMAT = "dwarf-with-dsym";
				ENABLE_NS_ASSERTIONS = NO;
				ENABLE_STRICT_OBJC_MSGSEND = YES;
				GCC_C_LANGUAGE_STANDARD = gnu11;
				GCC_NO_COMMON_BLOCKS = YES;
				GCC_WARN_64_TO_32_BIT_CONVERSION = YES;
				GCC_WARN_ABOUT_RETURN_TYPE = YES_ERROR;
				GCC_WARN_UNDECLARED_SELECTOR = YES;
				GCC_WARN_UNINITIALIZED_AUTOS = YES_AGGRESSIVE;
				GCC_WARN_UNUSED_FUNCTION = YES;
				GCC_WARN_UNUSED_VARIABLE = YES;
				IPHONEOS_DEPLOYMENT_TARGET = 11.4;
				MTL_ENABLE_DEBUG_INFO = NO;
				SDKROOT = iphoneos;
				SWIFT_COMPILATION_MODE = wholemodule;
				SWIFT_OPTIMIZATION_LEVEL = "-O";
				VALIDATE_PRODUCT = YES;
			};
			name = Release;
		};
		672623342115539A00E869C5 /* Debug */ = {
			isa = XCBuildConfiguration;
			buildSettings = {
				ASSETCATALOG_COMPILER_APPICON_NAME = AppIcon;
				CODE_SIGN_STYLE = Automatic;
				DEVELOPMENT_TEAM = F5BKL52VYG;
				INFOPLIST_FILE = tab/Info.plist;
				LD_RUNPATH_SEARCH_PATHS = (
					"$(inherited)",
					"@executable_path/Frameworks",
				);
				PRODUCT_BUNDLE_IDENTIFIER = com.moonbc.tab;
				PRODUCT_NAME = "$(TARGET_NAME)";
				SWIFT_VERSION = 4.0;
				TARGETED_DEVICE_FAMILY = "1,2";
			};
			name = Debug;
		};
		672623352115539A00E869C5 /* Release */ = {
			isa = XCBuildConfiguration;
			buildSettings = {
				ASSETCATALOG_COMPILER_APPICON_NAME = AppIcon;
				CODE_SIGN_STYLE = Automatic;
				DEVELOPMENT_TEAM = F5BKL52VYG;
				INFOPLIST_FILE = tab/Info.plist;
				LD_RUNPATH_SEARCH_PATHS = (
					"$(inherited)",
					"@executable_path/Frameworks",
				);
				PRODUCT_BUNDLE_IDENTIFIER = com.moonbc.tab;
				PRODUCT_NAME = "$(TARGET_NAME)";
				SWIFT_VERSION = 4.0;
				TARGETED_DEVICE_FAMILY = "1,2";
			};
			name = Release;
		};
		672623372115539A00E869C5 /* Debug */ = {
			isa = XCBuildConfiguration;
			buildSettings = {
				ALWAYS_EMBED_SWIFT_STANDARD_LIBRARIES = YES;
				BUNDLE_LOADER = "$(TEST_HOST)";
				CODE_SIGN_STYLE = Automatic;
				DEVELOPMENT_TEAM = F5BKL52VYG;
				INFOPLIST_FILE = tabTests/Info.plist;
				LD_RUNPATH_SEARCH_PATHS = (
					"$(inherited)",
					"@executable_path/Frameworks",
					"@loader_path/Frameworks",
				);
				PRODUCT_BUNDLE_IDENTIFIER = com.moonbc.tabTests;
				PRODUCT_NAME = "$(TARGET_NAME)";
				SWIFT_VERSION = 4.0;
				TARGETED_DEVICE_FAMILY = "1,2";
				TEST_HOST = "$(BUILT_PRODUCTS_DIR)/tab.app/tab";
			};
			name = Debug;
		};
		672623382115539A00E869C5 /* Release */ = {
			isa = XCBuildConfiguration;
			buildSettings = {
				ALWAYS_EMBED_SWIFT_STANDARD_LIBRARIES = YES;
				BUNDLE_LOADER = "$(TEST_HOST)";
				CODE_SIGN_STYLE = Automatic;
				DEVELOPMENT_TEAM = F5BKL52VYG;
				INFOPLIST_FILE = tabTests/Info.plist;
				LD_RUNPATH_SEARCH_PATHS = (
					"$(inherited)",
					"@executable_path/Frameworks",
					"@loader_path/Frameworks",
				);
				PRODUCT_BUNDLE_IDENTIFIER = com.moonbc.tabTests;
				PRODUCT_NAME = "$(TARGET_NAME)";
				SWIFT_VERSION = 4.0;
				TARGETED_DEVICE_FAMILY = "1,2";
				TEST_HOST = "$(BUILT_PRODUCTS_DIR)/tab.app/tab";
			};
			name = Release;
		};
		6726233A2115539A00E869C5 /* Debug */ = {
			isa = XCBuildConfiguration;
			buildSettings = {
				ALWAYS_EMBED_SWIFT_STANDARD_LIBRARIES = YES;
				CODE_SIGN_STYLE = Automatic;
				DEVELOPMENT_TEAM = F5BKL52VYG;
				INFOPLIST_FILE = tabUITests/Info.plist;
				LD_RUNPATH_SEARCH_PATHS = (
					"$(inherited)",
					"@executable_path/Frameworks",
					"@loader_path/Frameworks",
				);
				PRODUCT_BUNDLE_IDENTIFIER = com.moonbc.tabUITests;
				PRODUCT_NAME = "$(TARGET_NAME)";
				SWIFT_VERSION = 4.0;
				TARGETED_DEVICE_FAMILY = "1,2";
				TEST_TARGET_NAME = tab;
			};
			name = Debug;
		};
		6726233B2115539A00E869C5 /* Release */ = {
			isa = XCBuildConfiguration;
			buildSettings = {
				ALWAYS_EMBED_SWIFT_STANDARD_LIBRARIES = YES;
				CODE_SIGN_STYLE = Automatic;
				DEVELOPMENT_TEAM = F5BKL52VYG;
				INFOPLIST_FILE = tabUITests/Info.plist;
				LD_RUNPATH_SEARCH_PATHS = (
					"$(inherited)",
					"@executable_path/Frameworks",
					"@loader_path/Frameworks",
				);
				PRODUCT_BUNDLE_IDENTIFIER = com.moonbc.tabUITests;
				PRODUCT_NAME = "$(TARGET_NAME)";
				SWIFT_VERSION = 4.0;
				TARGETED_DEVICE_FAMILY = "1,2";
				TEST_TARGET_NAME = tab;
			};
			name = Release;
		};
/* End XCBuildConfiguration section */

/* Begin XCConfigurationList section */
		672623062115539200E869C5 /* Build configuration list for PBXProject "tab" */ = {
			isa = XCConfigurationList;
			buildConfigurations = (
				672623312115539A00E869C5 /* Debug */,
				672623322115539A00E869C5 /* Release */,
			);
			defaultConfigurationIsVisible = 0;
			defaultConfigurationName = Release;
		};
		672623332115539A00E869C5 /* Build configuration list for PBXNativeTarget "tab" */ = {
			isa = XCConfigurationList;
			buildConfigurations = (
				672623342115539A00E869C5 /* Debug */,
				672623352115539A00E869C5 /* Release */,
			);
			defaultConfigurationIsVisible = 0;
			defaultConfigurationName = Release;
		};
		672623362115539A00E869C5 /* Build configuration list for PBXNativeTarget "tabTests" */ = {
			isa = XCConfigurationList;
			buildConfigurations = (
				672623372115539A00E869C5 /* Debug */,
				672623382115539A00E869C5 /* Release */,
			);
			defaultConfigurationIsVisible = 0;
			defaultConfigurationName = Release;
		};
		672623392115539A00E869C5 /* Build configuration list for PBXNativeTarget "tabUITests" */ = {
			isa = XCConfigurationList;
			buildConfigurations = (
				6726233A2115539A00E869C5 /* Debug */,
				6726233B2115539A00E869C5 /* Release */,
			);
			defaultConfigurationIsVisible = 0;
			defaultConfigurationName = Release;
		};
/* End XCConfigurationList section */
	};
	rootObject = 672623032115539200E869C5 /* Project object */;
}
